
Microsoft Visual Studio Solution File, Format Version 12.00
# Visual Studio Version 17
VisualStudioVersion = 17.14.36930.0 d17.14
MinimumVisualStudioVersion = 10.0.40219.1
Project("{FAE04EC0-301F-11D3-BF4B-00C04F79EFBC}") = "Conditionals_Don't_Feel_Very_Cold_To_Me", "Conditionals_Don't_Feel_Very_Cold_To_Me.csproj", "{B0DF7A23-95ED-4896-A455-F0B833085E1D}"
EndProject
Global
	GlobalSection(SolutionConfigurationPlatforms) = preSolution
		Debug|Any CPU = Debug|Any CPU
		Release|Any CPU = Release|Any CPU
	EndGlobalSection
	GlobalSection(ProjectConfigurationPlatforms) = postSolution
		{B0DF7A23-95ED-4896-A455-F0B833085E1D}.Debug|Any CPU.ActiveCfg = Debug|Any CPU
		{B0DF7A23-95ED-4896-A455-F0B833085E1D}.Debug|Any CPU.Build.0 = Debug|Any CPU
		{B0DF7A23-95ED-4896-A455-F0B833085E1D}.Release|Any CPU.ActiveCfg = Release|Any CPU
		{B0DF7A23-95ED-4896-A455-F0B833085E1D}.Release|Any CPU.Build.0 = Release|Any CPU
	EndGlobalSection
	GlobalSection(SolutionProperties) = preSolution
		HideSolutionNode = FALSE
	EndGlobalSection
	GlobalSection(ExtensibilityGlobals) = postSolution
		SolutionGuid = {7615DE80-F032-48A1-AFCD-3BBED3FB8181}
	EndGlobalSection
EndGlobal
